
Microsoft Visual Studio Solution File, Format Version 12.00
# Visual Studio Version 17
VisualStudioVersion = 17.0.31815.197
MinimumVisualStudioVersion = 10.0.40219.1
Project("{9A19103F-16F7-4668-BE54-9A1E7A4F7556}") = "SagaOrchPattern.Messages", "SagaOrchPattern.Messages\SagaOrchPattern.Messages.csproj", "{83584DF7-F098-4E5E-910E-941EDC023216}"
EndProject
Project("{9A19103F-16F7-4668-BE54-9A1E7A4F7556}") = "SagaOrchPattern.Order", "SagaOrchPattern.Order\SagaOrchPattern.Order.csproj", "{B53BC2A2-375F-43E8-97FD-FD492DD79B9F}"
EndProject
Project("{9A19103F-16F7-4668-BE54-9A1E7A4F7556}") = "SagaOrchPattern.Card", "SagaOrchPattern.Card\SagaOrchPattern.Card.csproj", "{1F3DFFDC-0E3B-42C6-9F35-87FF28792A7C}"
EndProject
Project("{9A19103F-16F7-4668-BE54-9A1E7A4F7556}") = "SagaOrchPattern.DB", "SagaOrchPattern.DB\SagaOrchPattern.DB.csproj", "{BB2C78C8-4466-4D49-9F2F-A541B73AE39F}"
EndProject
Project("{9A19103F-16F7-4668-BE54-9A1E7A4F7556}") = "SagaOrchPattern.Core", "SagaOrchPattern.Core\SagaOrchPattern.Core.csproj", "{7E279D61-1C8B-4D1E-BE42-3A4E5A4B1E45}"
EndProject
Project("{9A19103F-16F7-4668-BE54-9A1E7A4F7556}") = "SagaOrchPattern.Orch", "SagaOrchPattern.Orch\SagaOrchPattern.Orch.csproj", "{9B873E90-2A98-4AE8-9C07-8C33A34F247D}"
EndProject
Project("{FAE04EC0-301F-11D3-BF4B-00C04F79EFBC}") = "CardService", "CardService\CardService.csproj", "{CF23440F-A0E4-4566-935B-E204FB40E3A5}"
EndProject
Project("{FAE04EC0-301F-11D3-BF4B-00C04F79EFBC}") = "OrderService", "OrderService\OrderService.csproj", "{35176184-6846-4AE5-8CEE-0D6D67BF8ADE}"
EndProject
Project("{FAE04EC0-301F-11D3-BF4B-00C04F79EFBC}") = "Orchestrator", "Orchestrator\Orchestrator.csproj", "{C057E32B-A8E3-40F4-89D9-EBC179A1393E}"
EndProject
Global
	GlobalSection(SolutionConfigurationPlatforms) = preSolution
		Debug|Any CPU = Debug|Any CPU
		Release|Any CPU = Release|Any CPU
	EndGlobalSection
	GlobalSection(ProjectConfigurationPlatforms) = postSolution
		{83584DF7-F098-4E5E-910E-941EDC023216}.Debug|Any CPU.ActiveCfg = Debug|Any CPU
		{83584DF7-F098-4E5E-910E-941EDC023216}.Debug|Any CPU.Build.0 = Debug|Any CPU
		{83584DF7-F098-4E5E-910E-941EDC023216}.Release|Any CPU.ActiveCfg = Release|Any CPU
		{83584DF7-F098-4E5E-910E-941EDC023216}.Release|Any CPU.Build.0 = Release|Any CPU
		{B53BC2A2-375F-43E8-97FD-FD492DD79B9F}.Debug|Any CPU.ActiveCfg = Debug|Any CPU
		{B53BC2A2-375F-43E8-97FD-FD492DD79B9F}.Debug|Any CPU.Build.0 = Debug|Any CPU
		{B53BC2A2-375F-43E8-97FD-FD492DD79B9F}.Release|Any CPU.ActiveCfg = Release|Any CPU
		{B53BC2A2-375F-43E8-97FD-FD492DD79B9F}.Release|Any CPU.Build.0 = Release|Any CPU
		{1F3DFFDC-0E3B-42C6-9F35-87FF28792A7C}.Debug|Any CPU.ActiveCfg = Debug|Any CPU
		{1F3DFFDC-0E3B-42C6-9F35-87FF28792A7C}.Debug|Any CPU.Build.0 = Debug|Any CPU
		{1F3DFFDC-0E3B-42C6-9F35-87FF28792A7C}.Release|Any CPU.ActiveCfg = Release|Any CPU
		{1F3DFFDC-0E3B-42C6-9F35-87FF28792A7C}.Release|Any CPU.Build.0 = Release|Any CPU
		{BB2C78C8-4466-4D49-9F2F-A541B73AE39F}.Debug|Any CPU.ActiveCfg = Debug|Any CPU
		{BB2C78C8-4466-4D49-9F2F-A541B73AE39F}.Debug|Any CPU.Build.0 = Debug|Any CPU
		{BB2C78C8-4466-4D49-9F2F-A541B73AE39F}.Release|Any CPU.ActiveCfg = Release|Any CPU
		{BB2C78C8-4466-4D49-9F2F-A541B73AE39F}.Release|Any CPU.Build.0 = Release|Any CPU
		{7E279D61-1C8B-4D1E-BE42-3A4E5A4B1E45}.Debug|Any CPU.ActiveCfg = Debug|Any CPU
		{7E279D61-1C8B-4D1E-BE42-3A4E5A4B1E45}.Debug|Any CPU.Build.0 = Debug|Any CPU
		{7E279D61-1C8B-4D1E-BE42-3A4E5A4B1E45}.Release|Any CPU.ActiveCfg = Release|Any CPU
		{7E279D61-1C8B-4D1E-BE42-3A4E5A4B1E45}.Release|Any CPU.Build.0 = Release|Any CPU
		{9B873E90-2A98-4AE8-9C07-8C33A34F247D}.Debug|Any CPU.ActiveCfg = Debug|Any CPU
		{9B873E90-2A98-4AE8-9C07-8C33A34F247D}.Debug|Any CPU.Build.0 = Debug|Any CPU
		{9B873E90-2A98-4AE8-9C07-8C33A34F247D}.Release|Any CPU.ActiveCfg = Release|Any CPU
		{9B873E90-2A98-4AE8-9C07-8C33A34F247D}.Release|Any CPU.Build.0 = Release|Any CPU
		{CF23440F-A0E4-4566-935B-E204FB40E3A5}.Debug|Any CPU.ActiveCfg = Debug|Any CPU
		{CF23440F-A0E4-4566-935B-E204FB40E3A5}.Debug|Any CPU.Build.0 = Debug|Any CPU
		{CF23440F-A0E4-4566-935B-E204FB40E3A5}.Release|Any CPU.ActiveCfg = Release|Any CPU
		{CF23440F-A0E4-4566-935B-E204FB40E3A5}.Release|Any CPU.Build.0 = Release|Any CPU
		{35176184-6846-4AE5-8CEE-0D6D67BF8ADE}.Debug|Any CPU.ActiveCfg = Debug|Any CPU
		{35176184-6846-4AE5-8CEE-0D6D67BF8ADE}.Debug|Any CPU.Build.0 = Debug|Any CPU
		{35176184-6846-4AE5-8CEE-0D6D67BF8ADE}.Release|Any CPU.ActiveCfg = Release|Any CPU
		{35176184-6846-4AE5-8CEE-0D6D67BF8ADE}.Release|Any CPU.Build.0 = Release|Any CPU
		{C057E32B-A8E3-40F4-89D9-EBC179A1393E}.Debug|Any CPU.ActiveCfg = Debug|Any CPU
		{C057E32B-A8E3-40F4-89D9-EBC179A1393E}.Debug|Any CPU.Build.0 = Debug|Any CPU
		{C057E32B-A8E3-40F4-89D9-EBC179A1393E}.Release|Any CPU.ActiveCfg = Release|Any CPU
		{C057E32B-A8E3-40F4-89D9-EBC179A1393E}.Release|Any CPU.Build.0 = Release|Any CPU
	EndGlobalSection
	GlobalSection(SolutionProperties) = preSolution
		HideSolutionNode = FALSE
	EndGlobalSection
	GlobalSection(ExtensibilityGlobals) = postSolution
		SolutionGuid = {3FB11676-BD2F-4685-9218-A537930060A1}
	EndGlobalSection
EndGlobal
